
Microsoft Visual Studio Solution File, Format Version 12.00
# Visual Studio Version 17
VisualStudioVersion = 17.5.002.0
MinimumVisualStudioVersion = 10.0.40219.1
Project("{9A19103F-16F7-4668-BE54-9A1E7A4F7556}") = "WAR", "WAR.csproj", "{5A83370C-024A-42CF-ABF5-2DD9D5AE82CE}"
EndProject
Global
	GlobalSection(SolutionConfigurationPlatforms) = preSolution
		Debug|Any CPU = Debug|Any CPU
		Release|Any CPU = Release|Any CPU
	EndGlobalSection
	GlobalSection(ProjectConfigurationPlatforms) = postSolution
		{5A83370C-024A-42CF-ABF5-2DD9D5AE82CE}.Debug|Any CPU.ActiveCfg = Debug|Any CPU
		{5A83370C-024A-42CF-ABF5-2DD9D5AE82CE}.Debug|Any CPU.Build.0 = Debug|Any CPU
		{5A83370C-024A-42CF-ABF5-2DD9D5AE82CE}.Release|Any CPU.ActiveCfg = Release|Any CPU
		{5A83370C-024A-42CF-ABF5-2DD9D5AE82CE}.Release|Any CPU.Build.0 = Release|Any CPU
	EndGlobalSection
	GlobalSection(SolutionProperties) = preSolution
		HideSolutionNode = FALSE
	EndGlobalSection
	GlobalSection(ExtensibilityGlobals) = postSolution
		SolutionGuid = {B4397123-3C68-4D04-A601-3C7D9629F936}
	EndGlobalSection
EndGlobal
